
Microsoft Visual Studio Solution File, Format Version 12.00
Project("{2150E333-8FDC-42A3-9474-1A3956D46DE8}") = "Cedar.API", "Cedar.API", "{C839DC2E-394E-46A6-9A1E-D2732875A72C}"
EndProject
Project("{FAE04EC0-301F-11D3-BF4B-00C04F79EFBC}") = "Cedar.API", "Cedar.API\Cedar.API.csproj", "{74CE7A7C-42D9-4716-A040-E478B42188FB}"
EndProject
Project("{FAE04EC0-301F-11D3-BF4B-00C04F79EFBC}") = "Cedar.API.Test.Unit", "Cedar.API\Cedar.API.Test.Unit\Cedar.API.Test.Unit.csproj", "{043BEAA5-5113-41E7-BC3D-754743661B5D}"
EndProject
Project("{2150E333-8FDC-42A3-9474-1A3956D46DE8}") = "1. API", "1. API", "{28CCE372-EF05-44C0-B59D-AE6F3D7D8033}"
EndProject
Project("{2150E333-8FDC-42A3-9474-1A3956D46DE8}") = "3. ServiceHost", "3. ServiceHost", "{E5CCFD31-0E80-4DB9-8994-0F8DCC90B185}"
EndProject
Project("{FAE04EC0-301F-11D3-BF4B-00C04F79EFBC}") = "Cedar.API.Host", "Cedar.API.Host\Cedar.API.Host.csproj", "{3372E38F-23F8-4030-8F55-78A49E241DBB}"
EndProject
Project("{2150E333-8FDC-42A3-9474-1A3956D46DE8}") = "2. Application", "2. Application", "{B777370A-A6EB-4EF8-BDE9-21B427160A07}"
EndProject
Global
	GlobalSection(SolutionConfigurationPlatforms) = preSolution
		Debug|Any CPU = Debug|Any CPU
		Release|Any CPU = Release|Any CPU
	EndGlobalSection
	GlobalSection(NestedProjects) = preSolution
		{74CE7A7C-42D9-4716-A040-E478B42188FB} = {C839DC2E-394E-46A6-9A1E-D2732875A72C}
		{043BEAA5-5113-41E7-BC3D-754743661B5D} = {C839DC2E-394E-46A6-9A1E-D2732875A72C}
		{C839DC2E-394E-46A6-9A1E-D2732875A72C} = {28CCE372-EF05-44C0-B59D-AE6F3D7D8033}
		{3372E38F-23F8-4030-8F55-78A49E241DBB} = {E5CCFD31-0E80-4DB9-8994-0F8DCC90B185}
	EndGlobalSection
	GlobalSection(ProjectConfigurationPlatforms) = postSolution
		{74CE7A7C-42D9-4716-A040-E478B42188FB}.Debug|Any CPU.ActiveCfg = Debug|Any CPU
		{74CE7A7C-42D9-4716-A040-E478B42188FB}.Debug|Any CPU.Build.0 = Debug|Any CPU
		{74CE7A7C-42D9-4716-A040-E478B42188FB}.Release|Any CPU.ActiveCfg = Release|Any CPU
		{74CE7A7C-42D9-4716-A040-E478B42188FB}.Release|Any CPU.Build.0 = Release|Any CPU
		{043BEAA5-5113-41E7-BC3D-754743661B5D}.Debug|Any CPU.ActiveCfg = Debug|Any CPU
		{043BEAA5-5113-41E7-BC3D-754743661B5D}.Debug|Any CPU.Build.0 = Debug|Any CPU
		{043BEAA5-5113-41E7-BC3D-754743661B5D}.Release|Any CPU.ActiveCfg = Release|Any CPU
		{043BEAA5-5113-41E7-BC3D-754743661B5D}.Release|Any CPU.Build.0 = Release|Any CPU
		{3372E38F-23F8-4030-8F55-78A49E241DBB}.Debug|Any CPU.ActiveCfg = Debug|Any CPU
		{3372E38F-23F8-4030-8F55-78A49E241DBB}.Debug|Any CPU.Build.0 = Debug|Any CPU
		{3372E38F-23F8-4030-8F55-78A49E241DBB}.Release|Any CPU.ActiveCfg = Release|Any CPU
		{3372E38F-23F8-4030-8F55-78A49E241DBB}.Release|Any CPU.Build.0 = Release|Any CPU
	EndGlobalSection
EndGlobal
